// !$*UTF8*$!
{
	archiveVersion = 1;
	classes = {
	};
	objectVersion = 48;
	objects = {

/* Begin PBXBuildFile section */
		D194F59123BDE0CA0085F97A /* AppDelegate.swift in Sources */ = {isa = PBXBuildFile; fileRef = D194F59023BDE0CA0085F97A /* AppDelegate.swift */; };
		D194F59323BDE0CA0085F97A /* ViewController.swift in Sources */ = {isa = PBXBuildFile; fileRef = D194F59223BDE0CA0085F97A /* ViewController.swift */; };
		D194F59623BDE0CA0085F97A /* Main.storyboard in Resources */ = {isa = PBXBuildFile; fileRef = D194F59423BDE0CA0085F97A /* Main.storyboard */; };
		D194F59923BDE0CA0085F97A /* TestApplication.xcdatamodeld in Sources */ = {isa = PBXBuildFile; fileRef = D194F59723BDE0CA0085F97A /* TestApplication.xcdatamodeld */; };
		D194F59B23BDE0CA0085F97A /* Assets.xcassets in Resources */ = {isa = PBXBuildFile; fileRef = D194F59A23BDE0CA0085F97A /* Assets.xcassets */; };
		D194F59E23BDE0CA0085F97A /* LaunchScreen.storyboard in Resources */ = {isa = PBXBuildFile; fileRef = D194F59C23BDE0CA0085F97A /* LaunchScreen.storyboard */; };
/* End PBXBuildFile section */

/* Begin PBXFileReference section */
		D194F58D23BDE0CA0085F97A /* TestApplication.app */ = {isa = PBXFileReference; explicitFileType = wrapper.application; includeInIndex = 0; path = TestApplication.app; sourceTree = BUILT_PRODUCTS_DIR; };
		D194F59023BDE0CA0085F97A /* AppDelegate.swift */ = {isa = PBXFileReference; lastKnownFileType = sourcecode.swift; path = AppDelegate.swift; sourceTree = "<group>"; };
		D194F59223BDE0CA0085F97A /* ViewController.swift */ = {isa = PBXFileReference; lastKnownFileType = sourcecode.swift; path = ViewController.swift; sourceTree = "<group>"; };
		D194F59523BDE0CA0085F97A /* Base */ = {isa = PBXFileReference; lastKnownFileType = file.storyboard; name = Base; path = Base.lproj/Main.storyboard; sourceTree = "<group>"; };
		D194F59823BDE0CA0085F97A /* TestApplication.xcdatamodel */ = {isa = PBXFileReference; lastKnownFileType = wrapper.xcdatamodel; path = TestApplication.xcdatamodel; sourceTree = "<group>"; };
		D194F59A23BDE0CA0085F97A /* Assets.xcassets */ = {isa = PBXFileReference; lastKnownFileType = folder.assetcatalog; path = Assets.xcassets; sourceTree = "<group>"; };
		D194F59D23BDE0CA0085F97A /* Base */ = {isa = PBXFileReference; lastKnownFileType = file.storyboard; name = Base; path = Base.lproj/LaunchScreen.storyboard; sourceTree = "<group>"; };
		D194F59F23BDE0CA0085F97A /* Info.plist */ = {isa = PBXFileReference; lastKnownFileType = text.plist.xml; path = Info.plist; sourceTree = "<group>"; };
/* End PBXFileReference section */

/* Begin PBXFrameworksBuildPhase section */
		D194F58A23BDE0CA0085F97A /* Frameworks */ = {
			isa = PBXFrameworksBuildPhase;
			buildActionMask = 2147483647;
			files = (
			);
			runOnlyForDeploymentPostprocessing = 0;
		};
/* End PBXFrameworksBuildPhase section */

/* Begin PBXGroup section */
		D194F58423BDE0C90085F97A = {
			isa = PBXGroup;
			children = (
				D194F58F23BDE0CA0085F97A /* TestApplication */,
				D194F58E23BDE0CA0085F97A /* Products */,
			);
			sourceTree = "<group>";
		};
		D194F58E23BDE0CA0085F97A /* Products */ = {
			isa = PBXGroup;
			children = (
				D194F58D23BDE0CA0085F97A /* TestApplication.app */,
			);
			name = Products;
			sourceTree = "<group>";
		};
		D194F58F23BDE0CA0085F97A /* TestApplication */ = {
			isa = PBXGroup;
			children = (
				D194F59023BDE0CA0085F97A /* AppDelegate.swift */,
				D194F59223BDE0CA0085F97A /* ViewController.swift */,
				D194F59423BDE0CA0085F97A /* Main.storyboard */,
				D194F59A23BDE0CA0085F97A /* Assets.xcassets */,
				D194F59C23BDE0CA0085F97A /* LaunchScreen.storyboard */,
				D194F59F23BDE0CA0085F97A /* Info.plist */,
				D194F59723BDE0CA0085F97A /* TestApplication.xcdatamodeld */,
			);
			path = TestApplication;
			sourceTree = "<group>";
		};
/* End PBXGroup section */

/* Begin PBXNativeTarget section */
		D194F58C23BDE0CA0085F97A /* TestApplication */ = {
			isa = PBXNativeTarget;
			buildConfigurationList = D194F5A223BDE0CA0085F97A /* Build configuration list for PBXNativeTarget "TestApplication" */;
			buildPhases = (
				D194F58923BDE0CA0085F97A /* Sources */,
				D194F58A23BDE0CA0085F97A /* Frameworks */,
				D194F58B23BDE0CA0085F97A /* Resources */,
			);
			buildRules = (
			);
			dependencies = (
			);
			name = TestApplication;
			productName = TestApplication;
			productReference = D194F58D23BDE0CA0085F97A /* TestApplication.app */;
			productType = "com.apple.product-type.application";
		};
/* End PBXNativeTarget section */

/* Begin PBXProject section */
		D194F58523BDE0CA0085F97A /* Project object */ = {
			isa = PBXProject;
			attributes = {
				LastSwiftUpdateCheck = 0920;
				LastUpgradeCheck = 0920;
				ORGANIZATIONNAME = "COE-14";
				TargetAttributes = {
					D194F58C23BDE0CA0085F97A = {
						CreatedOnToolsVersion = 9.2;
						ProvisioningStyle = Automatic;
					};
				};
			};
			buildConfigurationList = D194F58823BDE0CA0085F97A /* Build configuration list for PBXProject "TestApplication" */;
			compatibilityVersion = "Xcode 8.0";
			developmentRegion = en;
			hasScannedForEncodings = 0;
			knownRegions = (
				en,
				Base,
			);
			mainGroup = D194F58423BDE0C90085F97A;
			productRefGroup = D194F58E23BDE0CA0085F97A /* Products */;
			projectDirPath = "";
			projectRoot = "";
			targets = (
				D194F58C23BDE0CA0085F97A /* TestApplication */,
			);
		};
/* End PBXProject section */

/* Begin PBXResourcesBuildPhase section */
		D194F58B23BDE0CA0085F97A /* Resources */ = {
			isa = PBXResourcesBuildPhase;
			buildActionMask = 2147483647;
			files = (
				D194F59E23BDE0CA0085F97A /* LaunchScreen.storyboard in Resources */,
				D194F59B23BDE0CA0085F97A /* Assets.xcassets in Resources */,
				D194F59623BDE0CA0085F97A /* Main.storyboard in Resources */,
			);
			runOnlyForDeploymentPostprocessing = 0;
		};
/* End PBXResourcesBuildPhase section */

/* Begin PBXSourcesBuildPhase section */
		D194F58923BDE0CA0085F97A /* Sources */ = {
			isa = PBXSourcesBuildPhase;
			buildActionMask = 2147483647;
			files = (
				D194F59323BDE0CA0085F97A /* ViewController.swift in Sources */,
				D194F59123BDE0CA0085F97A /* AppDelegate.swift in Sources */,
				D194F59923BDE0CA0085F97A /* TestApplication.xcdatamodeld in Sources */,
			);
			runOnlyForDeploymentPostprocessing = 0;
		};
/* End PBXSourcesBuildPhase section */

/* Begin PBXVariantGroup section */
		D194F59423BDE0CA0085F97A /* Main.storyboard */ = {
			isa = PBXVariantGroup;
			children = (
				D194F59523BDE0CA0085F97A /* Base */,
			);
			name = Main.storyboard;
			sourceTree = "<group>";
		};
		D194F59C23BDE0CA0085F97A /* LaunchScreen.storyboard */ = {
			isa = PBXVariantGroup;
			children = (
				D194F59D23BDE0CA0085F97A /* Base */,
			);
			name = LaunchScreen.storyboard;
			sourceTree = "<group>";
		};
/* End PBXVariantGroup section */

/* Begin XCBuildConfiguration section */
		D194F5A023BDE0CA0085F97A /* Debug */ = {
			isa = XCBuildConfiguration;
			buildSettings = {
				ALWAYS_SEARCH_USER_PATHS = NO;
				CLANG_ANALYZER_NONNULL = YES;
				CLANG_ANALYZER_NUMBER_OBJECT_CONVERSION = YES_AGGRESSIVE;
				CLANG_CXX_LANGUAGE_STANDARD = "gnu++14";
				CLANG_CXX_LIBRARY = "libc++";
				CLANG_ENABLE_MODULES = YES;
				CLANG_ENABLE_OBJC_ARC = YES;
				CLANG_WARN_BLOCK_CAPTURE_AUTORELEASING = YES;
				CLANG_WARN_BOOL_CONVERSION = YES;
				CLANG_WARN_COMMA = YES;
				CLANG_WARN_CONSTANT_CONVERSION = YES;
				CLANG_WARN_DIRECT_OBJC_ISA_USAGE = YES_ERROR;
				CLANG_WARN_DOCUMENTATION_COMMENTS = YES;
				CLANG_WARN_EMPTY_BODY = YES;
				CLANG_WARN_ENUM_CONVERSION = YES;
				CLANG_WARN_INFINITE_RECURSION = YES;
				CLANG_WARN_INT_CONVERSION = YES;
				CLANG_WARN_NON_LITERAL_NULL_CONVERSION = YES;
				CLANG_WARN_OBJC_LITERAL_CONVERSION = YES;
				CLANG_WARN_OBJC_ROOT_CLASS = YES_ERROR;
				CLANG_WARN_RANGE_LOOP_ANALYSIS = YES;
				CLANG_WARN_STRICT_PROTOTYPES = YES;
				CLANG_WARN_SUSPICIOUS_MOVE = YES;
				CLANG_WARN_UNGUARDED_AVAILABILITY = YES_AGGRESSIVE;
				CLANG_WARN_UNREACHABLE_CODE = YES;
				CLANG_WARN__DUPLICATE_METHOD_MATCH = YES;
				CODE_SIGN_IDENTITY = "iPhone Developer";
				COPY_PHASE_STRIP = NO;
				DEBUG_INFORMATION_FORMAT = dwarf;
				ENABLE_STRICT_OBJC_MSGSEND = YES;
				ENABLE_TESTABILITY = YES;
				GCC_C_LANGUAGE_STANDARD = gnu11;
				GCC_DYNAMIC_NO_PIC = NO;
				GCC_NO_COMMON_BLOCKS = YES;
				GCC_OPTIMIZATION_LEVEL = 0;
				GCC_PREPROCESSOR_DEFINITIONS = (
					"DEBUG=1",
					"$(inherited)",
				);
				GCC_WARN_64_TO_32_BIT_CONVERSION = YES;
				GCC_WARN_ABOUT_RETURN_TYPE = YES_ERROR;
				GCC_WARN_UNDECLARED_SELECTOR = YES;
				GCC_WARN_UNINITIALIZED_AUTOS = YES_AGGRESSIVE;
				GCC_WARN_UNUSED_FUNCTION = YES;
				GCC_WARN_UNUSED_VARIABLE = YES;
				IPHONEOS_DEPLOYMENT_TARGET = 11.2;
				MTL_ENABLE_DEBUG_INFO = YES;
				ONLY_ACTIVE_ARCH = YES;
				SDKROOT = iphoneos;
				SWIFT_ACTIVE_COMPILATION_CONDITIONS = DEBUG;
				SWIFT_OPTIMIZATION_LEVEL = "-Onone";
			};
			name = Debug;
		};
		D194F5A123BDE0CA0085F97A /* Release */ = {
			isa = XCBuildConfiguration;
			buildSettings = {
				ALWAYS_SEARCH_USER_PATHS = NO;
				CLANG_ANALYZER_NONNULL = YES;
				CLANG_ANALYZER_NUMBER_OBJECT_CONVERSION = YES_AGGRESSIVE;
				CLANG_CXX_LANGUAGE_STANDARD = "gnu++14";
				CLANG_CXX_LIBRARY = "libc++";
				CLANG_ENABLE_MODULES = YES;
				CLANG_ENABLE_OBJC_ARC = YES;
				CLANG_WARN_BLOCK_CAPTURE_AUTORELEASING = YES;
				CLANG_WARN_BOOL_CONVERSION = YES;
				CLANG_WARN_COMMA = YES;
				CLANG_WARN_CONSTANT_CONVERSION = YES;
				CLANG_WARN_DIRECT_OBJC_ISA_USAGE = YES_ERROR;
				CLANG_WARN_DOCUMENTATION_COMMENTS = YES;
				CLANG_WARN_EMPTY_BODY = YES;
				CLANG_WARN_ENUM_CONVERSION = YES;
				CLANG_WARN_INFINITE_RECURSION = YES;
				CLANG_WARN_INT_CONVERSION = YES;
				CLANG_WARN_NON_LITERAL_NULL_CONVERSION = YES;
				CLANG_WARN_OBJC_LITERAL_CONVERSION = YES;
				CLANG_WARN_OBJC_ROOT_CLASS = YES_ERROR;
				CLANG_WARN_RANGE_LOOP_ANALYSIS = YES;
				CLANG_WARN_STRICT_PROTOTYPES = YES;
				CLANG_WARN_SUSPICIOUS_MOVE = YES;
				CLANG_WARN_UNGUARDED_AVAILABILITY = YES_AGGRESSIVE;
				CLANG_WARN_UNREACHABLE_CODE = YES;
				CLANG_WARN__DUPLICATE_METHOD_MATCH = YES;
				CODE_SIGN_IDENTITY = "iPhone Developer";
				COPY_PHASE_STRIP = NO;
				DEBUG_INFORMATION_FORMAT = "dwarf-with-dsym";
				ENABLE_NS_ASSERTIONS = NO;
				ENABLE_STRICT_OBJC_MSGSEND = YES;
				GCC_C_LANGUAGE_STANDARD = gnu11;
				GCC_NO_COMMON_BLOCKS = YES;
				GCC_WARN_64_TO_32_BIT_CONVERSION = YES;
				GCC_WARN_ABOUT_RETURN_TYPE = YES_ERROR;
				GCC_WARN_UNDECLARED_SELECTOR = YES;
				GCC_WARN_UNINITIALIZED_AUTOS = YES_AGGRESSIVE;
				GCC_WARN_UNUSED_FUNCTION = YES;
				GCC_WARN_UNUSED_VARIABLE = YES;
				IPHONEOS_DEPLOYMENT_TARGET = 11.2;
				MTL_ENABLE_DEBUG_INFO = NO;
				SDKROOT = iphoneos;
				SWIFT_OPTIMIZATION_LEVEL = "-Owholemodule";
				VALIDATE_PRODUCT = YES;
			};
			name = Release;
		};
		D194F5A323BDE0CA0085F97A /* Debug */ = {
			isa = XCBuildConfiguration;
			buildSettings = {
				ASSETCATALOG_COMPILER_APPICON_NAME = AppIcon;
				CODE_SIGN_STYLE = Automatic;
				DEVELOPMENT_TEAM = WXSDPVT397;
				INFOPLIST_FILE = TestApplication/Info.plist;
				LD_RUNPATH_SEARCH_PATHS = "$(inherited) @executable_path/Frameworks";
				PRODUCT_BUNDLE_IDENTIFIER = bgkv.TestApplication;
				PRODUCT_NAME = "$(TARGET_NAME)";
				SWIFT_VERSION = 4.0;
				TARGETED_DEVICE_FAMILY = "1,2";
			};
			name = Debug;
		};
		D194F5A423BDE0CA0085F97A /* Release */ = {
			isa = XCBuildConfiguration;
			buildSettings = {
				ASSETCATALOG_COMPILER_APPICON_NAME = AppIcon;
				CODE_SIGN_STYLE = Automatic;
				DEVELOPMENT_TEAM = WXSDPVT397;
				INFOPLIST_FILE = TestApplication/Info.plist;
				LD_RUNPATH_SEARCH_PATHS = "$(inherited) @executable_path/Frameworks";
				PRODUCT_BUNDLE_IDENTIFIER = bgkv.TestApplication;
				PRODUCT_NAME = "$(TARGET_NAME)";
				SWIFT_VERSION = 4.0;
				TARGETED_DEVICE_FAMILY = "1,2";
			};
			name = Release;
		};
/* End XCBuildConfiguration section */

/* Begin XCConfigurationList section */
		D194F58823BDE0CA0085F97A /* Build configuration list for PBXProject "TestApplication" */ = {
			isa = XCConfigurationList;
			buildConfigurations = (
				D194F5A023BDE0CA0085F97A /* Debug */,
				D194F5A123BDE0CA0085F97A /* Release */,
			);
			defaultConfigurationIsVisible = 0;
			defaultConfigurationName = Release;
		};
		D194F5A223BDE0CA0085F97A /* Build configuration list for PBXNativeTarget "TestApplication" */ = {
			isa = XCConfigurationList;
			buildConfigurations = (
				D194F5A323BDE0CA0085F97A /* Debug */,
				D194F5A423BDE0CA0085F97A /* Release */,
			);
			defaultConfigurationIsVisible = 0;
			defaultConfigurationName = Release;
		};
/* End XCConfigurationList section */

/* Begin XCVersionGroup section */
		D194F59723BDE0CA0085F97A /* TestApplication.xcdatamodeld */ = {
			isa = XCVersionGroup;
			children = (
				D194F59823BDE0CA0085F97A /* TestApplication.xcdatamodel */,
			);
			currentVersion = D194F59823BDE0CA0085F97A /* TestApplication.xcdatamodel */;
			path = TestApplication.xcdatamodeld;
			sourceTree = "<group>";
			versionGroupType = wrapper.xcdatamodel;
		};
/* End XCVersionGroup section */
	};
	rootObject = D194F58523BDE0CA0085F97A /* Project object */;
}
